
Microsoft Visual Studio Solution File, Format Version 12.00
# Visual Studio Version 17
VisualStudioVersion = 17.11.35327.3
MinimumVisualStudioVersion = 10.0.40219.1
Project("{FAE04EC0-301F-11D3-BF4B-00C04F79EFBC}") = "DES16Bits", "DES16Bits\DES16Bits.csproj", "{65B78959-777D-4515-8313-01517C7725C4}"
EndProject
Global
	GlobalSection(SolutionConfigurationPlatforms) = preSolution
		Debug|Any CPU = Debug|Any CPU
		Release|Any CPU = Release|Any CPU
	EndGlobalSection
	GlobalSection(ProjectConfigurationPlatforms) = postSolution
		{65B78959-777D-4515-8313-01517C7725C4}.Debug|Any CPU.ActiveCfg = Debug|Any CPU
		{65B78959-777D-4515-8313-01517C7725C4}.Debug|Any CPU.Build.0 = Debug|Any CPU
		{65B78959-777D-4515-8313-01517C7725C4}.Release|Any CPU.ActiveCfg = Release|Any CPU
		{65B78959-777D-4515-8313-01517C7725C4}.Release|Any CPU.Build.0 = Release|Any CPU
	EndGlobalSection
	GlobalSection(SolutionProperties) = preSolution
		HideSolutionNode = FALSE
	EndGlobalSection
	GlobalSection(ExtensibilityGlobals) = postSolution
		SolutionGuid = {9BBDE78C-79E3-426F-AE90-E82274752633}
	EndGlobalSection
EndGlobal
